
Microsoft Visual Studio Solution File, Format Version 12.00
# Visual Studio 2015
Project("{FAE04EC0-301F-11D3-BF4B-00C04F79EFBC}") = "A3-Part2.CSharp", "A3-Part2.CSharp.csproj", "{D114EF6A-47DC-8200-9E3D-32EBCABB8343}"
EndProject
Project("{FAE04EC0-301F-11D3-BF4B-00C04F79EFBC}") = "A3-Part2.CSharp.Editor", "A3-Part2.CSharp.Editor.csproj", "{90996591-D09E-2301-D4B9-7718D790CB82}"
EndProject
Global
	GlobalSection(SolutionConfigurationPlatforms) = preSolution
		Debug|Any CPU = Debug|Any CPU
		Release|Any CPU = Release|Any CPU
	EndGlobalSection
	GlobalSection(ProjectConfigurationPlatforms) = postSolution
		{D114EF6A-47DC-8200-9E3D-32EBCABB8343}.Debug|Any CPU.ActiveCfg = Debug|Any CPU
		{D114EF6A-47DC-8200-9E3D-32EBCABB8343}.Debug|Any CPU.Build.0 = Debug|Any CPU
		{D114EF6A-47DC-8200-9E3D-32EBCABB8343}.Release|Any CPU.ActiveCfg = Release|Any CPU
		{D114EF6A-47DC-8200-9E3D-32EBCABB8343}.Release|Any CPU.Build.0 = Release|Any CPU
		{90996591-D09E-2301-D4B9-7718D790CB82}.Debug|Any CPU.ActiveCfg = Debug|Any CPU
		{90996591-D09E-2301-D4B9-7718D790CB82}.Debug|Any CPU.Build.0 = Debug|Any CPU
		{90996591-D09E-2301-D4B9-7718D790CB82}.Release|Any CPU.ActiveCfg = Release|Any CPU
		{90996591-D09E-2301-D4B9-7718D790CB82}.Release|Any CPU.Build.0 = Release|Any CPU
	EndGlobalSection
	GlobalSection(SolutionProperties) = preSolution
		HideSolutionNode = FALSE
	EndGlobalSection
EndGlobal
